
Microsoft Visual Studio Solution File, Format Version 12.00
# Visual Studio Version 17
VisualStudioVersion = 17.7.34221.43
MinimumVisualStudioVersion = 10.0.40219.1
Project("{FAE04EC0-301F-11D3-BF4B-00C04F79EFBC}") = "kepa.shop.uclm", "kepa.shop.uclm\kepa.shop.uclm.csproj", "{BC7BE520-3EAA-43B6-BAEF-302AD1226477}"
EndProject
Global
	GlobalSection(SolutionConfigurationPlatforms) = preSolution
		Debug|Any CPU = Debug|Any CPU
		Release|Any CPU = Release|Any CPU
	EndGlobalSection
	GlobalSection(ProjectConfigurationPlatforms) = postSolution
		{BC7BE520-3EAA-43B6-BAEF-302AD1226477}.Debug|Any CPU.ActiveCfg = Debug|Any CPU
		{BC7BE520-3EAA-43B6-BAEF-302AD1226477}.Debug|Any CPU.Build.0 = Debug|Any CPU
		{BC7BE520-3EAA-43B6-BAEF-302AD1226477}.Release|Any CPU.ActiveCfg = Release|Any CPU
		{BC7BE520-3EAA-43B6-BAEF-302AD1226477}.Release|Any CPU.Build.0 = Release|Any CPU
	EndGlobalSection
	GlobalSection(SolutionProperties) = preSolution
		HideSolutionNode = FALSE
	EndGlobalSection
	GlobalSection(ExtensibilityGlobals) = postSolution
		SolutionGuid = {F6B708D2-2EB0-4A37-97A3-4051E79CE94A}
	EndGlobalSection
EndGlobal
