
Microsoft Visual Studio Solution File, Format Version 12.00
# Visual Studio Version 17
VisualStudioVersion = 17.7.34221.43
MinimumVisualStudioVersion = 10.0.40219.1
Project("{FAE04EC0-301F-11D3-BF4B-00C04F79EFBC}") = "MainModel_KePa", "MainModel_KePa\MainModel_KePa.csproj", "{0C027424-697E-4B3E-8F47-2D5742A70066}"
EndProject
Global
	GlobalSection(SolutionConfigurationPlatforms) = preSolution
		Debug|Any CPU = Debug|Any CPU
		Release|Any CPU = Release|Any CPU
	EndGlobalSection
	GlobalSection(ProjectConfigurationPlatforms) = postSolution
		{0C027424-697E-4B3E-8F47-2D5742A70066}.Debug|Any CPU.ActiveCfg = Debug|Any CPU
		{0C027424-697E-4B3E-8F47-2D5742A70066}.Debug|Any CPU.Build.0 = Debug|Any CPU
		{0C027424-697E-4B3E-8F47-2D5742A70066}.Release|Any CPU.ActiveCfg = Release|Any CPU
		{0C027424-697E-4B3E-8F47-2D5742A70066}.Release|Any CPU.Build.0 = Release|Any CPU
	EndGlobalSection
	GlobalSection(SolutionProperties) = preSolution
		HideSolutionNode = FALSE
	EndGlobalSection
	GlobalSection(ExtensibilityGlobals) = postSolution
		SolutionGuid = {EE427E0E-E1E2-4FA6-BDD2-85F4F414199B}
	EndGlobalSection
EndGlobal
