
Microsoft Visual Studio Solution File, Format Version 12.00
# Visual Studio Version 16
VisualStudioVersion = 16.0.33328.57
MinimumVisualStudioVersion = 10.0.40219.1
Project("{FAE04EC0-301F-11D3-BF4B-00C04F79EFBC}") = "Kepa_Tienda", "Kepa_Tienda\Kepa_Tienda.csproj", "{170A2D13-C57B-4520-9422-92CBE1FAC29D}"
EndProject
Global
	GlobalSection(SolutionConfigurationPlatforms) = preSolution
		Debug|Any CPU = Debug|Any CPU
		Release|Any CPU = Release|Any CPU
	EndGlobalSection
	GlobalSection(ProjectConfigurationPlatforms) = postSolution
		{170A2D13-C57B-4520-9422-92CBE1FAC29D}.Debug|Any CPU.ActiveCfg = Debug|Any CPU
		{170A2D13-C57B-4520-9422-92CBE1FAC29D}.Debug|Any CPU.Build.0 = Debug|Any CPU
		{170A2D13-C57B-4520-9422-92CBE1FAC29D}.Release|Any CPU.ActiveCfg = Release|Any CPU
		{170A2D13-C57B-4520-9422-92CBE1FAC29D}.Release|Any CPU.Build.0 = Release|Any CPU
	EndGlobalSection
	GlobalSection(SolutionProperties) = preSolution
		HideSolutionNode = FALSE
	EndGlobalSection
	GlobalSection(ExtensibilityGlobals) = postSolution
		SolutionGuid = {F5EC6786-585E-4D60-85E1-A12BFA0E5EF3}
	EndGlobalSection
EndGlobal
