
Microsoft Visual Studio Solution File, Format Version 12.00
# Visual Studio Version 17
VisualStudioVersion = 17.7.34221.43
MinimumVisualStudioVersion = 10.0.40219.1
Project("{FAE04EC0-301F-11D3-BF4B-00C04F79EFBC}") = "kepa.cleanUI", "kepa.cleanUI\kepa.cleanUI.csproj", "{A829D987-8E75-4926-8BAE-CB268EE033A7}"
EndProject
Global
	GlobalSection(SolutionConfigurationPlatforms) = preSolution
		Debug|Any CPU = Debug|Any CPU
		Release|Any CPU = Release|Any CPU
	EndGlobalSection
	GlobalSection(ProjectConfigurationPlatforms) = postSolution
		{A829D987-8E75-4926-8BAE-CB268EE033A7}.Debug|Any CPU.ActiveCfg = Debug|Any CPU
		{A829D987-8E75-4926-8BAE-CB268EE033A7}.Debug|Any CPU.Build.0 = Debug|Any CPU
		{A829D987-8E75-4926-8BAE-CB268EE033A7}.Release|Any CPU.ActiveCfg = Release|Any CPU
		{A829D987-8E75-4926-8BAE-CB268EE033A7}.Release|Any CPU.Build.0 = Release|Any CPU
	EndGlobalSection
	GlobalSection(SolutionProperties) = preSolution
		HideSolutionNode = FALSE
	EndGlobalSection
	GlobalSection(ExtensibilityGlobals) = postSolution
		SolutionGuid = {0791F3DB-6747-4CEB-8C1F-702A16E23F1D}
	EndGlobalSection
EndGlobal
